
Microsoft Visual Studio Solution File, Format Version 12.00
# Visual Studio Version 17
VisualStudioVersion = 17.7.34031.279
MinimumVisualStudioVersion = 10.0.40219.1
Project("{9A19103F-16F7-4668-BE54-9A1E7A4F7556}") = "GreetingApp", "GreetingApp\GreetingApp.csproj", "{8F04BA10-F889-42C6-88F9-B82D81627ED8}"
EndProject
Project("{9A19103F-16F7-4668-BE54-9A1E7A4F7556}") = "StringVariables", "StringVariables\StringVariables.csproj", "{471DF40A-75AD-40DD-BAB4-8A9F947DCA90}"
EndProject
Project("{9A19103F-16F7-4668-BE54-9A1E7A4F7556}") = "IntVariable", "IntVariable\IntVariable.csproj", "{50A8D7E3-940B-4B7C-9551-735FD8A473F3}"
EndProject
Project("{9A19103F-16F7-4668-BE54-9A1E7A4F7556}") = "DoubleVariable", "DoubleVariable\DoubleVariable.csproj", "{F116AEC7-4BEC-4CA5-B0D5-C7517A4A26C1}"
EndProject
Project("{9A19103F-16F7-4668-BE54-9A1E7A4F7556}") = "DecimalVariables", "DecimalVariables\DecimalVariables.csproj", "{E667308A-053B-475D-B03D-85C663FD2773}"
EndProject
Project("{9A19103F-16F7-4668-BE54-9A1E7A4F7556}") = "BoolVariables", "BoolVariables\BoolVariables.csproj", "{B256F814-DB0C-4A71-B3D2-38A2C55ECB52}"
EndProject
Project("{9A19103F-16F7-4668-BE54-9A1E7A4F7556}") = "NullVariables", "NullVariables\NullVariables.csproj", "{C9C33CC0-4ADD-49FE-BD59-7F4D3BEADEA7}"
EndProject
Project("{9A19103F-16F7-4668-BE54-9A1E7A4F7556}") = "HomeworkVariables", "HomeworkVariables\HomeworkVariables.csproj", "{E3077064-13E0-475E-AE88-D0D31F7D3CCC}"
EndProject
Project("{9A19103F-16F7-4668-BE54-9A1E7A4F7556}") = "DateTimeVariables", "DateTimeVariables\DateTimeVariables.csproj", "{CF35779F-FE3B-4964-87F9-2B9AEF480E4F}"
EndProject
Project("{9A19103F-16F7-4668-BE54-9A1E7A4F7556}") = "DateOnlyVariables", "DateOnlyVariables\DateOnlyVariables.csproj", "{64C0A546-CFDB-4F92-9E3D-8CDD4C2976F1}"
EndProject
Project("{9A19103F-16F7-4668-BE54-9A1E7A4F7556}") = "TimeOnlyVariable", "TimeOnlyVariable\TimeOnlyVariable.csproj", "{A2175CA3-C584-408C-9887-81535FE79085}"
EndProject
Project("{9A19103F-16F7-4668-BE54-9A1E7A4F7556}") = "TypeConversions", "TypeConversions\TypeConversions.csproj", "{8D6F9DA7-2C8B-4AC3-9DF5-B4E564CC2EB3}"
EndProject
Project("{9A19103F-16F7-4668-BE54-9A1E7A4F7556}") = "HomeworkConditionals", "HomeworkConditionals\HomeworkConditionals.csproj", "{47444448-1C08-439A-A009-24FC1B47A2FF}"
EndProject
Project("{9A19103F-16F7-4668-BE54-9A1E7A4F7556}") = "Lists", "Lists\Lists.csproj", "{CE39E93A-3388-45B0-B23B-45A05D533808}"
EndProject
Project("{9A19103F-16F7-4668-BE54-9A1E7A4F7556}") = "HomeworkLists", "HomeworkLists\HomeworkLists.csproj", "{461C7949-F65D-4758-8D7B-25BA4787DF7C}"
EndProject
Project("{9A19103F-16F7-4668-BE54-9A1E7A4F7556}") = "Dictionaries", "Dictionaries\Dictionaries.csproj", "{7617D534-9DD6-4BBA-B6E7-8C6A64EF7959}"
EndProject
Project("{9A19103F-16F7-4668-BE54-9A1E7A4F7556}") = "HomeworkDictionaries", "HomeworkDictionaries\HomeworkDictionaries.csproj", "{5DD6D97B-A3DB-4FD3-B1CE-6414A791D52C}"
EndProject
Project("{9A19103F-16F7-4668-BE54-9A1E7A4F7556}") = "ForLoops", "ForLoops\ForLoops.csproj", "{6EA9E128-3946-42D2-AC9D-0C21187B185B}"
EndProject
Project("{9A19103F-16F7-4668-BE54-9A1E7A4F7556}") = "HomeworkForLoops", "HomeworkForLoops\HomeworkForLoops.csproj", "{800DA782-62C9-4396-AE93-EC39F353D77E}"
EndProject
Project("{9A19103F-16F7-4668-BE54-9A1E7A4F7556}") = "ForEachLoops", "ForEachLoops\ForEachLoops.csproj", "{BBAE709B-F262-4C5B-88FD-B3DE85A9F736}"
EndProject
Project("{9A19103F-16F7-4668-BE54-9A1E7A4F7556}") = "HomeworkForeachLoops", "HomeworkForeachLoops\HomeworkForeachLoops.csproj", "{95F27499-4F56-4E7E-B6D6-7747C7776A43}"
EndProject
Project("{9A19103F-16F7-4668-BE54-9A1E7A4F7556}") = "Methods", "Methods\Methods.csproj", "{C77D0656-269E-4448-800F-B365C5A62242}"
EndProject
Project("{9A19103F-16F7-4668-BE54-9A1E7A4F7556}") = "HomeworkMethods", "HomeworkMethods\HomeworkMethods.csproj", "{CE3FD5E4-9C82-4218-A9CA-2598E08AB5BA}"
EndProject
Project("{9A19103F-16F7-4668-BE54-9A1E7A4F7556}") = "MiniProjectGuestList", "MiniProjectGuestList\MiniProjectGuestList.csproj", "{3E9A7804-2DDB-4274-9F6B-CD4528040825}"
EndProject
Project("{9A19103F-16F7-4668-BE54-9A1E7A4F7556}") = "ExceptionHandlingDemo", "ExceptionHandlingDemo\ExceptionHandlingDemo.csproj", "{1CDF8C81-800F-4E01-B92D-E76535A9D86A}"
EndProject
Project("{9A19103F-16F7-4668-BE54-9A1E7A4F7556}") = "AdvancedExceptions", "AdvancedExceptions\AdvancedExceptions.csproj", "{62C2C01A-BB75-4A00-AAAB-A5E9423D06EF}"
EndProject
Project("{9A19103F-16F7-4668-BE54-9A1E7A4F7556}") = "StaticClassesDemo", "StaticClassesDemo\StaticClassesDemo.csproj", "{811477B4-1B0B-4B1C-A536-00DAA3E0CC2F}"
EndProject
Project("{9A19103F-16F7-4668-BE54-9A1E7A4F7556}") = "InstantiatedClassDemo", "InstantiatedClassDemo\InstantiatedClassDemo.csproj", "{4CD1D98E-C973-43FB-A8D8-7C3E2B814223}"
EndProject
Project("{9A19103F-16F7-4668-BE54-9A1E7A4F7556}") = "HomeworkInstantiatedClasses", "HomeworkInstantiatedClasses\HomeworkInstantiatedClasses.csproj", "{21387988-0268-4C63-ABAE-5F92EDC355B9}"
EndProject
Project("{9A19103F-16F7-4668-BE54-9A1E7A4F7556}") = "PropertyTypesDemo", "PropertyTypesDemo\PropertyTypesDemo.csproj", "{47FB6078-8A8F-4B49-A0C7-221C2F79A4A1}"
EndProject
Project("{9A19103F-16F7-4668-BE54-9A1E7A4F7556}") = "NamespaceDemo", "NamespaceDemo\NamespaceDemo.csproj", "{B3B98FCC-5A7C-444E-BCCB-0041E7AC30E7}"
EndProject
Project("{9A19103F-16F7-4668-BE54-9A1E7A4F7556}") = "ClassLibraryDemo", "ClassLibraryDemo\ClassLibraryDemo.csproj", "{8271E3A2-9B27-468B-9C98-C8B6E9CF8062}"
EndProject
Project("{9A19103F-16F7-4668-BE54-9A1E7A4F7556}") = "DemoLibrary", "DemoLibrary\DemoLibrary.csproj", "{482FC4C8-DCCD-4B78-927E-9FF04029B782}"
EndProject
Project("{2150E333-8FDC-42A3-9474-1A3956D46DE8}") = "Lessons", "Lessons", "{B1914C0A-A94E-497D-B251-FF1134955D55}"
EndProject
Project("{2150E333-8FDC-42A3-9474-1A3956D46DE8}") = "Practice", "Practice", "{4DD71F85-8025-43FB-832E-2C57B6BB8EEC}"
EndProject
Project("{2150E333-8FDC-42A3-9474-1A3956D46DE8}") = "ClassLibraries", "ClassLibraries", "{0F22BCB6-B528-4829-B5EA-184DAD6ADFAB}"
EndProject
Project("{2150E333-8FDC-42A3-9474-1A3956D46DE8}") = "GuestBook", "GuestBook", "{0831A1C2-3F65-4C34-A58D-97EBDC23FD38}"
EndProject
Project("{9A19103F-16F7-4668-BE54-9A1E7A4F7556}") = "ConsoleUI", "ConsoleUI\ConsoleUI.csproj", "{88C3C545-7E32-4765-82A5-240685CCB31D}"
EndProject
Project("{9A19103F-16F7-4668-BE54-9A1E7A4F7556}") = "GuessBookLibrary", "GuessBookLibrary\GuessBookLibrary.csproj", "{10F6FCD2-D5DF-4FC5-A9FD-E1B8E0481D2F}"
EndProject
Project("{2150E333-8FDC-42A3-9474-1A3956D46DE8}") = "BattleShip", "BattleShip", "{0DB6D69A-288F-447D-B90A-7334CBD12A42}"
EndProject
Project("{FAE04EC0-301F-11D3-BF4B-00C04F79EFBC}") = "BattleshipLiteLibrary", "BattleshipLiteLibrary\BattleshipLiteLibrary.csproj", "{7597EE98-76FB-4492-A029-38F05BA3155D}"
EndProject
Global
	GlobalSection(SolutionConfigurationPlatforms) = preSolution
		Debug|Any CPU = Debug|Any CPU
		Release|Any CPU = Release|Any CPU
	EndGlobalSection
	GlobalSection(ProjectConfigurationPlatforms) = postSolution
		{8F04BA10-F889-42C6-88F9-B82D81627ED8}.Debug|Any CPU.ActiveCfg = Debug|Any CPU
		{8F04BA10-F889-42C6-88F9-B82D81627ED8}.Debug|Any CPU.Build.0 = Debug|Any CPU
		{8F04BA10-F889-42C6-88F9-B82D81627ED8}.Release|Any CPU.ActiveCfg = Release|Any CPU
		{8F04BA10-F889-42C6-88F9-B82D81627ED8}.Release|Any CPU.Build.0 = Release|Any CPU
		{471DF40A-75AD-40DD-BAB4-8A9F947DCA90}.Debug|Any CPU.ActiveCfg = Debug|Any CPU
		{471DF40A-75AD-40DD-BAB4-8A9F947DCA90}.Debug|Any CPU.Build.0 = Debug|Any CPU
		{471DF40A-75AD-40DD-BAB4-8A9F947DCA90}.Release|Any CPU.ActiveCfg = Release|Any CPU
		{471DF40A-75AD-40DD-BAB4-8A9F947DCA90}.Release|Any CPU.Build.0 = Release|Any CPU
		{50A8D7E3-940B-4B7C-9551-735FD8A473F3}.Debug|Any CPU.ActiveCfg = Debug|Any CPU
		{50A8D7E3-940B-4B7C-9551-735FD8A473F3}.Debug|Any CPU.Build.0 = Debug|Any CPU
		{50A8D7E3-940B-4B7C-9551-735FD8A473F3}.Release|Any CPU.ActiveCfg = Release|Any CPU
		{50A8D7E3-940B-4B7C-9551-735FD8A473F3}.Release|Any CPU.Build.0 = Release|Any CPU
		{F116AEC7-4BEC-4CA5-B0D5-C7517A4A26C1}.Debug|Any CPU.ActiveCfg = Debug|Any CPU
		{F116AEC7-4BEC-4CA5-B0D5-C7517A4A26C1}.Debug|Any CPU.Build.0 = Debug|Any CPU
		{F116AEC7-4BEC-4CA5-B0D5-C7517A4A26C1}.Release|Any CPU.ActiveCfg = Release|Any CPU
		{F116AEC7-4BEC-4CA5-B0D5-C7517A4A26C1}.Release|Any CPU.Build.0 = Release|Any CPU
		{E667308A-053B-475D-B03D-85C663FD2773}.Debug|Any CPU.ActiveCfg = Debug|Any CPU
		{E667308A-053B-475D-B03D-85C663FD2773}.Debug|Any CPU.Build.0 = Debug|Any CPU
		{E667308A-053B-475D-B03D-85C663FD2773}.Release|Any CPU.ActiveCfg = Release|Any CPU
		{E667308A-053B-475D-B03D-85C663FD2773}.Release|Any CPU.Build.0 = Release|Any CPU
		{B256F814-DB0C-4A71-B3D2-38A2C55ECB52}.Debug|Any CPU.ActiveCfg = Debug|Any CPU
		{B256F814-DB0C-4A71-B3D2-38A2C55ECB52}.Debug|Any CPU.Build.0 = Debug|Any CPU
		{B256F814-DB0C-4A71-B3D2-38A2C55ECB52}.Release|Any CPU.ActiveCfg = Release|Any CPU
		{B256F814-DB0C-4A71-B3D2-38A2C55ECB52}.Release|Any CPU.Build.0 = Release|Any CPU
		{C9C33CC0-4ADD-49FE-BD59-7F4D3BEADEA7}.Debug|Any CPU.ActiveCfg = Debug|Any CPU
		{C9C33CC0-4ADD-49FE-BD59-7F4D3BEADEA7}.Debug|Any CPU.Build.0 = Debug|Any CPU
		{C9C33CC0-4ADD-49FE-BD59-7F4D3BEADEA7}.Release|Any CPU.ActiveCfg = Release|Any CPU
		{C9C33CC0-4ADD-49FE-BD59-7F4D3BEADEA7}.Release|Any CPU.Build.0 = Release|Any CPU
		{E3077064-13E0-475E-AE88-D0D31F7D3CCC}.Debug|Any CPU.ActiveCfg = Debug|Any CPU
		{E3077064-13E0-475E-AE88-D0D31F7D3CCC}.Debug|Any CPU.Build.0 = Debug|Any CPU
		{E3077064-13E0-475E-AE88-D0D31F7D3CCC}.Release|Any CPU.ActiveCfg = Release|Any CPU
		{E3077064-13E0-475E-AE88-D0D31F7D3CCC}.Release|Any CPU.Build.0 = Release|Any CPU
		{CF35779F-FE3B-4964-87F9-2B9AEF480E4F}.Debug|Any CPU.ActiveCfg = Debug|Any CPU
		{CF35779F-FE3B-4964-87F9-2B9AEF480E4F}.Debug|Any CPU.Build.0 = Debug|Any CPU
		{CF35779F-FE3B-4964-87F9-2B9AEF480E4F}.Release|Any CPU.ActiveCfg = Release|Any CPU
		{CF35779F-FE3B-4964-87F9-2B9AEF480E4F}.Release|Any CPU.Build.0 = Release|Any CPU
		{64C0A546-CFDB-4F92-9E3D-8CDD4C2976F1}.Debug|Any CPU.ActiveCfg = Debug|Any CPU
		{64C0A546-CFDB-4F92-9E3D-8CDD4C2976F1}.Debug|Any CPU.Build.0 = Debug|Any CPU
		{64C0A546-CFDB-4F92-9E3D-8CDD4C2976F1}.Release|Any CPU.ActiveCfg = Release|Any CPU
		{64C0A546-CFDB-4F92-9E3D-8CDD4C2976F1}.Release|Any CPU.Build.0 = Release|Any CPU
		{A2175CA3-C584-408C-9887-81535FE79085}.Debug|Any CPU.ActiveCfg = Debug|Any CPU
		{A2175CA3-C584-408C-9887-81535FE79085}.Debug|Any CPU.Build.0 = Debug|Any CPU
		{A2175CA3-C584-408C-9887-81535FE79085}.Release|Any CPU.ActiveCfg = Release|Any CPU
		{A2175CA3-C584-408C-9887-81535FE79085}.Release|Any CPU.Build.0 = Release|Any CPU
		{8D6F9DA7-2C8B-4AC3-9DF5-B4E564CC2EB3}.Debug|Any CPU.ActiveCfg = Debug|Any CPU
		{8D6F9DA7-2C8B-4AC3-9DF5-B4E564CC2EB3}.Debug|Any CPU.Build.0 = Debug|Any CPU
		{8D6F9DA7-2C8B-4AC3-9DF5-B4E564CC2EB3}.Release|Any CPU.ActiveCfg = Release|Any CPU
		{8D6F9DA7-2C8B-4AC3-9DF5-B4E564CC2EB3}.Release|Any CPU.Build.0 = Release|Any CPU
		{47444448-1C08-439A-A009-24FC1B47A2FF}.Debug|Any CPU.ActiveCfg = Debug|Any CPU
		{47444448-1C08-439A-A009-24FC1B47A2FF}.Debug|Any CPU.Build.0 = Debug|Any CPU
		{47444448-1C08-439A-A009-24FC1B47A2FF}.Release|Any CPU.ActiveCfg = Release|Any CPU
		{47444448-1C08-439A-A009-24FC1B47A2FF}.Release|Any CPU.Build.0 = Release|Any CPU
		{CE39E93A-3388-45B0-B23B-45A05D533808}.Debug|Any CPU.ActiveCfg = Debug|Any CPU
		{CE39E93A-3388-45B0-B23B-45A05D533808}.Debug|Any CPU.Build.0 = Debug|Any CPU
		{CE39E93A-3388-45B0-B23B-45A05D533808}.Release|Any CPU.ActiveCfg = Release|Any CPU
		{CE39E93A-3388-45B0-B23B-45A05D533808}.Release|Any CPU.Build.0 = Release|Any CPU
		{461C7949-F65D-4758-8D7B-25BA4787DF7C}.Debug|Any CPU.ActiveCfg = Debug|Any CPU
		{461C7949-F65D-4758-8D7B-25BA4787DF7C}.Debug|Any CPU.Build.0 = Debug|Any CPU
		{461C7949-F65D-4758-8D7B-25BA4787DF7C}.Release|Any CPU.ActiveCfg = Release|Any CPU
		{461C7949-F65D-4758-8D7B-25BA4787DF7C}.Release|Any CPU.Build.0 = Release|Any CPU
		{7617D534-9DD6-4BBA-B6E7-8C6A64EF7959}.Debug|Any CPU.ActiveCfg = Debug|Any CPU
		{7617D534-9DD6-4BBA-B6E7-8C6A64EF7959}.Debug|Any CPU.Build.0 = Debug|Any CPU
		{7617D534-9DD6-4BBA-B6E7-8C6A64EF7959}.Release|Any CPU.ActiveCfg = Release|Any CPU
		{7617D534-9DD6-4BBA-B6E7-8C6A64EF7959}.Release|Any CPU.Build.0 = Release|Any CPU
		{5DD6D97B-A3DB-4FD3-B1CE-6414A791D52C}.Debug|Any CPU.ActiveCfg = Debug|Any CPU
		{5DD6D97B-A3DB-4FD3-B1CE-6414A791D52C}.Debug|Any CPU.Build.0 = Debug|Any CPU
		{5DD6D97B-A3DB-4FD3-B1CE-6414A791D52C}.Release|Any CPU.ActiveCfg = Release|Any CPU
		{5DD6D97B-A3DB-4FD3-B1CE-6414A791D52C}.Release|Any CPU.Build.0 = Release|Any CPU
		{6EA9E128-3946-42D2-AC9D-0C21187B185B}.Debug|Any CPU.ActiveCfg = Debug|Any CPU
		{6EA9E128-3946-42D2-AC9D-0C21187B185B}.Debug|Any CPU.Build.0 = Debug|Any CPU
		{6EA9E128-3946-42D2-AC9D-0C21187B185B}.Release|Any CPU.ActiveCfg = Release|Any CPU
		{6EA9E128-3946-42D2-AC9D-0C21187B185B}.Release|Any CPU.Build.0 = Release|Any CPU
		{800DA782-62C9-4396-AE93-EC39F353D77E}.Debug|Any CPU.ActiveCfg = Debug|Any CPU
		{800DA782-62C9-4396-AE93-EC39F353D77E}.Debug|Any CPU.Build.0 = Debug|Any CPU
		{800DA782-62C9-4396-AE93-EC39F353D77E}.Release|Any CPU.ActiveCfg = Release|Any CPU
		{800DA782-62C9-4396-AE93-EC39F353D77E}.Release|Any CPU.Build.0 = Release|Any CPU
		{BBAE709B-F262-4C5B-88FD-B3DE85A9F736}.Debug|Any CPU.ActiveCfg = Debug|Any CPU
		{BBAE709B-F262-4C5B-88FD-B3DE85A9F736}.Debug|Any CPU.Build.0 = Debug|Any CPU
		{BBAE709B-F262-4C5B-88FD-B3DE85A9F736}.Release|Any CPU.ActiveCfg = Release|Any CPU
		{BBAE709B-F262-4C5B-88FD-B3DE85A9F736}.Release|Any CPU.Build.0 = Release|Any CPU
		{95F27499-4F56-4E7E-B6D6-7747C7776A43}.Debug|Any CPU.ActiveCfg = Debug|Any CPU
		{95F27499-4F56-4E7E-B6D6-7747C7776A43}.Debug|Any CPU.Build.0 = Debug|Any CPU
		{95F27499-4F56-4E7E-B6D6-7747C7776A43}.Release|Any CPU.ActiveCfg = Release|Any CPU
		{95F27499-4F56-4E7E-B6D6-7747C7776A43}.Release|Any CPU.Build.0 = Release|Any CPU
		{C77D0656-269E-4448-800F-B365C5A62242}.Debug|Any CPU.ActiveCfg = Debug|Any CPU
		{C77D0656-269E-4448-800F-B365C5A62242}.Debug|Any CPU.Build.0 = Debug|Any CPU
		{C77D0656-269E-4448-800F-B365C5A62242}.Release|Any CPU.ActiveCfg = Release|Any CPU
		{C77D0656-269E-4448-800F-B365C5A62242}.Release|Any CPU.Build.0 = Release|Any CPU
		{CE3FD5E4-9C82-4218-A9CA-2598E08AB5BA}.Debug|Any CPU.ActiveCfg = Debug|Any CPU
		{CE3FD5E4-9C82-4218-A9CA-2598E08AB5BA}.Debug|Any CPU.Build.0 = Debug|Any CPU
		{CE3FD5E4-9C82-4218-A9CA-2598E08AB5BA}.Release|Any CPU.ActiveCfg = Release|Any CPU
		{CE3FD5E4-9C82-4218-A9CA-2598E08AB5BA}.Release|Any CPU.Build.0 = Release|Any CPU
		{3E9A7804-2DDB-4274-9F6B-CD4528040825}.Debug|Any CPU.ActiveCfg = Debug|Any CPU
		{3E9A7804-2DDB-4274-9F6B-CD4528040825}.Debug|Any CPU.Build.0 = Debug|Any CPU
		{3E9A7804-2DDB-4274-9F6B-CD4528040825}.Release|Any CPU.ActiveCfg = Release|Any CPU
		{3E9A7804-2DDB-4274-9F6B-CD4528040825}.Release|Any CPU.Build.0 = Release|Any CPU
		{1CDF8C81-800F-4E01-B92D-E76535A9D86A}.Debug|Any CPU.ActiveCfg = Debug|Any CPU
		{1CDF8C81-800F-4E01-B92D-E76535A9D86A}.Debug|Any CPU.Build.0 = Debug|Any CPU
		{1CDF8C81-800F-4E01-B92D-E76535A9D86A}.Release|Any CPU.ActiveCfg = Release|Any CPU
		{1CDF8C81-800F-4E01-B92D-E76535A9D86A}.Release|Any CPU.Build.0 = Release|Any CPU
		{62C2C01A-BB75-4A00-AAAB-A5E9423D06EF}.Debug|Any CPU.ActiveCfg = Debug|Any CPU
		{62C2C01A-BB75-4A00-AAAB-A5E9423D06EF}.Debug|Any CPU.Build.0 = Debug|Any CPU
		{62C2C01A-BB75-4A00-AAAB-A5E9423D06EF}.Release|Any CPU.ActiveCfg = Release|Any CPU
		{62C2C01A-BB75-4A00-AAAB-A5E9423D06EF}.Release|Any CPU.Build.0 = Release|Any CPU
		{811477B4-1B0B-4B1C-A536-00DAA3E0CC2F}.Debug|Any CPU.ActiveCfg = Debug|Any CPU
		{811477B4-1B0B-4B1C-A536-00DAA3E0CC2F}.Debug|Any CPU.Build.0 = Debug|Any CPU
		{811477B4-1B0B-4B1C-A536-00DAA3E0CC2F}.Release|Any CPU.ActiveCfg = Release|Any CPU
		{811477B4-1B0B-4B1C-A536-00DAA3E0CC2F}.Release|Any CPU.Build.0 = Release|Any CPU
		{4CD1D98E-C973-43FB-A8D8-7C3E2B814223}.Debug|Any CPU.ActiveCfg = Debug|Any CPU
		{4CD1D98E-C973-43FB-A8D8-7C3E2B814223}.Debug|Any CPU.Build.0 = Debug|Any CPU
		{4CD1D98E-C973-43FB-A8D8-7C3E2B814223}.Release|Any CPU.ActiveCfg = Release|Any CPU
		{4CD1D98E-C973-43FB-A8D8-7C3E2B814223}.Release|Any CPU.Build.0 = Release|Any CPU
		{21387988-0268-4C63-ABAE-5F92EDC355B9}.Debug|Any CPU.ActiveCfg = Debug|Any CPU
		{21387988-0268-4C63-ABAE-5F92EDC355B9}.Debug|Any CPU.Build.0 = Debug|Any CPU
		{21387988-0268-4C63-ABAE-5F92EDC355B9}.Release|Any CPU.ActiveCfg = Release|Any CPU
		{21387988-0268-4C63-ABAE-5F92EDC355B9}.Release|Any CPU.Build.0 = Release|Any CPU
		{47FB6078-8A8F-4B49-A0C7-221C2F79A4A1}.Debug|Any CPU.ActiveCfg = Debug|Any CPU
		{47FB6078-8A8F-4B49-A0C7-221C2F79A4A1}.Debug|Any CPU.Build.0 = Debug|Any CPU
		{47FB6078-8A8F-4B49-A0C7-221C2F79A4A1}.Release|Any CPU.ActiveCfg = Release|Any CPU
		{47FB6078-8A8F-4B49-A0C7-221C2F79A4A1}.Release|Any CPU.Build.0 = Release|Any CPU
		{B3B98FCC-5A7C-444E-BCCB-0041E7AC30E7}.Debug|Any CPU.ActiveCfg = Debug|Any CPU
		{B3B98FCC-5A7C-444E-BCCB-0041E7AC30E7}.Debug|Any CPU.Build.0 = Debug|Any CPU
		{B3B98FCC-5A7C-444E-BCCB-0041E7AC30E7}.Release|Any CPU.ActiveCfg = Release|Any CPU
		{B3B98FCC-5A7C-444E-BCCB-0041E7AC30E7}.Release|Any CPU.Build.0 = Release|Any CPU
		{8271E3A2-9B27-468B-9C98-C8B6E9CF8062}.Debug|Any CPU.ActiveCfg = Debug|Any CPU
		{8271E3A2-9B27-468B-9C98-C8B6E9CF8062}.Debug|Any CPU.Build.0 = Debug|Any CPU
		{8271E3A2-9B27-468B-9C98-C8B6E9CF8062}.Release|Any CPU.ActiveCfg = Release|Any CPU
		{8271E3A2-9B27-468B-9C98-C8B6E9CF8062}.Release|Any CPU.Build.0 = Release|Any CPU
		{482FC4C8-DCCD-4B78-927E-9FF04029B782}.Debug|Any CPU.ActiveCfg = Debug|Any CPU
		{482FC4C8-DCCD-4B78-927E-9FF04029B782}.Debug|Any CPU.Build.0 = Debug|Any CPU
		{482FC4C8-DCCD-4B78-927E-9FF04029B782}.Release|Any CPU.ActiveCfg = Release|Any CPU
		{482FC4C8-DCCD-4B78-927E-9FF04029B782}.Release|Any CPU.Build.0 = Release|Any CPU
		{88C3C545-7E32-4765-82A5-240685CCB31D}.Debug|Any CPU.ActiveCfg = Debug|Any CPU
		{88C3C545-7E32-4765-82A5-240685CCB31D}.Debug|Any CPU.Build.0 = Debug|Any CPU
		{88C3C545-7E32-4765-82A5-240685CCB31D}.Release|Any CPU.ActiveCfg = Release|Any CPU
		{88C3C545-7E32-4765-82A5-240685CCB31D}.Release|Any CPU.Build.0 = Release|Any CPU
		{10F6FCD2-D5DF-4FC5-A9FD-E1B8E0481D2F}.Debug|Any CPU.ActiveCfg = Debug|Any CPU
		{10F6FCD2-D5DF-4FC5-A9FD-E1B8E0481D2F}.Debug|Any CPU.Build.0 = Debug|Any CPU
		{10F6FCD2-D5DF-4FC5-A9FD-E1B8E0481D2F}.Release|Any CPU.ActiveCfg = Release|Any CPU
		{10F6FCD2-D5DF-4FC5-A9FD-E1B8E0481D2F}.Release|Any CPU.Build.0 = Release|Any CPU
		{7597EE98-76FB-4492-A029-38F05BA3155D}.Debug|Any CPU.ActiveCfg = Debug|Any CPU
		{7597EE98-76FB-4492-A029-38F05BA3155D}.Debug|Any CPU.Build.0 = Debug|Any CPU
		{7597EE98-76FB-4492-A029-38F05BA3155D}.Release|Any CPU.ActiveCfg = Release|Any CPU
		{7597EE98-76FB-4492-A029-38F05BA3155D}.Release|Any CPU.Build.0 = Release|Any CPU
	EndGlobalSection
	GlobalSection(SolutionProperties) = preSolution
		HideSolutionNode = FALSE
	EndGlobalSection
	GlobalSection(NestedProjects) = preSolution
		{8F04BA10-F889-42C6-88F9-B82D81627ED8} = {B1914C0A-A94E-497D-B251-FF1134955D55}
		{471DF40A-75AD-40DD-BAB4-8A9F947DCA90} = {B1914C0A-A94E-497D-B251-FF1134955D55}
		{50A8D7E3-940B-4B7C-9551-735FD8A473F3} = {B1914C0A-A94E-497D-B251-FF1134955D55}
		{F116AEC7-4BEC-4CA5-B0D5-C7517A4A26C1} = {B1914C0A-A94E-497D-B251-FF1134955D55}
		{E667308A-053B-475D-B03D-85C663FD2773} = {B1914C0A-A94E-497D-B251-FF1134955D55}
		{B256F814-DB0C-4A71-B3D2-38A2C55ECB52} = {B1914C0A-A94E-497D-B251-FF1134955D55}
		{C9C33CC0-4ADD-49FE-BD59-7F4D3BEADEA7} = {B1914C0A-A94E-497D-B251-FF1134955D55}
		{E3077064-13E0-475E-AE88-D0D31F7D3CCC} = {4DD71F85-8025-43FB-832E-2C57B6BB8EEC}
		{CF35779F-FE3B-4964-87F9-2B9AEF480E4F} = {B1914C0A-A94E-497D-B251-FF1134955D55}
		{64C0A546-CFDB-4F92-9E3D-8CDD4C2976F1} = {B1914C0A-A94E-497D-B251-FF1134955D55}
		{A2175CA3-C584-408C-9887-81535FE79085} = {B1914C0A-A94E-497D-B251-FF1134955D55}
		{8D6F9DA7-2C8B-4AC3-9DF5-B4E564CC2EB3} = {B1914C0A-A94E-497D-B251-FF1134955D55}
		{47444448-1C08-439A-A009-24FC1B47A2FF} = {4DD71F85-8025-43FB-832E-2C57B6BB8EEC}
		{CE39E93A-3388-45B0-B23B-45A05D533808} = {B1914C0A-A94E-497D-B251-FF1134955D55}
		{461C7949-F65D-4758-8D7B-25BA4787DF7C} = {4DD71F85-8025-43FB-832E-2C57B6BB8EEC}
		{7617D534-9DD6-4BBA-B6E7-8C6A64EF7959} = {B1914C0A-A94E-497D-B251-FF1134955D55}
		{5DD6D97B-A3DB-4FD3-B1CE-6414A791D52C} = {4DD71F85-8025-43FB-832E-2C57B6BB8EEC}
		{6EA9E128-3946-42D2-AC9D-0C21187B185B} = {B1914C0A-A94E-497D-B251-FF1134955D55}
		{800DA782-62C9-4396-AE93-EC39F353D77E} = {4DD71F85-8025-43FB-832E-2C57B6BB8EEC}
		{BBAE709B-F262-4C5B-88FD-B3DE85A9F736} = {B1914C0A-A94E-497D-B251-FF1134955D55}
		{95F27499-4F56-4E7E-B6D6-7747C7776A43} = {4DD71F85-8025-43FB-832E-2C57B6BB8EEC}
		{C77D0656-269E-4448-800F-B365C5A62242} = {B1914C0A-A94E-497D-B251-FF1134955D55}
		{CE3FD5E4-9C82-4218-A9CA-2598E08AB5BA} = {4DD71F85-8025-43FB-832E-2C57B6BB8EEC}
		{3E9A7804-2DDB-4274-9F6B-CD4528040825} = {B1914C0A-A94E-497D-B251-FF1134955D55}
		{1CDF8C81-800F-4E01-B92D-E76535A9D86A} = {B1914C0A-A94E-497D-B251-FF1134955D55}
		{62C2C01A-BB75-4A00-AAAB-A5E9423D06EF} = {B1914C0A-A94E-497D-B251-FF1134955D55}
		{811477B4-1B0B-4B1C-A536-00DAA3E0CC2F} = {B1914C0A-A94E-497D-B251-FF1134955D55}
		{4CD1D98E-C973-43FB-A8D8-7C3E2B814223} = {B1914C0A-A94E-497D-B251-FF1134955D55}
		{21387988-0268-4C63-ABAE-5F92EDC355B9} = {4DD71F85-8025-43FB-832E-2C57B6BB8EEC}
		{47FB6078-8A8F-4B49-A0C7-221C2F79A4A1} = {B1914C0A-A94E-497D-B251-FF1134955D55}
		{B3B98FCC-5A7C-444E-BCCB-0041E7AC30E7} = {B1914C0A-A94E-497D-B251-FF1134955D55}
		{8271E3A2-9B27-468B-9C98-C8B6E9CF8062} = {0F22BCB6-B528-4829-B5EA-184DAD6ADFAB}
		{482FC4C8-DCCD-4B78-927E-9FF04029B782} = {0F22BCB6-B528-4829-B5EA-184DAD6ADFAB}
		{0F22BCB6-B528-4829-B5EA-184DAD6ADFAB} = {B1914C0A-A94E-497D-B251-FF1134955D55}
		{0831A1C2-3F65-4C34-A58D-97EBDC23FD38} = {4DD71F85-8025-43FB-832E-2C57B6BB8EEC}
		{88C3C545-7E32-4765-82A5-240685CCB31D} = {0831A1C2-3F65-4C34-A58D-97EBDC23FD38}
		{10F6FCD2-D5DF-4FC5-A9FD-E1B8E0481D2F} = {0831A1C2-3F65-4C34-A58D-97EBDC23FD38}
		{7597EE98-76FB-4492-A029-38F05BA3155D} = {0DB6D69A-288F-447D-B90A-7334CBD12A42}
	EndGlobalSection
	GlobalSection(ExtensibilityGlobals) = postSolution
		SolutionGuid = {650A024B-AD89-42D1-A151-5049439CA713}
	EndGlobalSection
EndGlobal
