
Microsoft Visual Studio Solution File, Format Version 12.00
# Visual Studio Version 17
VisualStudioVersion = 17.7.34031.279
MinimumVisualStudioVersion = 10.0.40219.1
Project("{2150E333-8FDC-42A3-9474-1A3956D46DE8}") = "Lessons", "Lessons", "{B1914C0A-A94E-497D-B251-FF1134955D55}"
EndProject
Project("{2150E333-8FDC-42A3-9474-1A3956D46DE8}") = "Practice", "Practice", "{4DD71F85-8025-43FB-832E-2C57B6BB8EEC}"
EndProject
Project("{2150E333-8FDC-42A3-9474-1A3956D46DE8}") = "ClassLibraries", "ClassLibraries", "{0F22BCB6-B528-4829-B5EA-184DAD6ADFAB}"
EndProject
Project("{2150E333-8FDC-42A3-9474-1A3956D46DE8}") = "GuestBook", "GuestBook", "{0831A1C2-3F65-4C34-A58D-97EBDC23FD38}"
EndProject
Project("{2150E333-8FDC-42A3-9474-1A3956D46DE8}") = "BattleShip", "BattleShip", "{0DB6D69A-288F-447D-B90A-7334CBD12A42}"
EndProject
Project("{2150E333-8FDC-42A3-9474-1A3956D46DE8}") = "AccessModifiersDemo", "AccessModifiersDemo", "{E472E761-85C7-4A18-B985-61887CBB3D52}"
EndProject
Project("{9A19103F-16F7-4668-BE54-9A1E7A4F7556}") = "AdvancedExceptions", "Lessons\AdvancedExceptions\AdvancedExceptions.csproj", "{593BC98F-8107-4FBD-9178-3EE8A5769581}"
EndProject
Project("{9A19103F-16F7-4668-BE54-9A1E7A4F7556}") = "Lists", "Lessons\Lists\Lists.csproj", "{C97428F9-F126-41AE-A796-1E4F9C239112}"
EndProject
Project("{9A19103F-16F7-4668-BE54-9A1E7A4F7556}") = "Methods", "Lessons\Methods\Methods.csproj", "{C2027522-A086-4927-80F4-49B8577DC00F}"
EndProject
Project("{9A19103F-16F7-4668-BE54-9A1E7A4F7556}") = "BattleshipLite", "Practice\BattleshipLite\BattleshipLite.csproj", "{F84B4F1B-64E4-4013-B824-C3AF1C465AF9}"
EndProject
Project("{9A19103F-16F7-4668-BE54-9A1E7A4F7556}") = "BattleshipLiteLibrary", "Practice\BattleshipLiteLibrary\BattleshipLiteLibrary.csproj", "{AAC7263D-F604-4039-AA8A-AD1D5494C4BA}"
EndProject
Project("{9A19103F-16F7-4668-BE54-9A1E7A4F7556}") = "ConsoleUI", "Practice\ConsoleUI\ConsoleUI.csproj", "{8E1ABA67-9CAE-4B63-A909-767031E3DC39}"
EndProject
Project("{9A19103F-16F7-4668-BE54-9A1E7A4F7556}") = "GuessBookLibrary", "Practice\GuessBookLibrary\GuessBookLibrary.csproj", "{0B79B5B7-87FD-483B-AD6B-2EF32512FB19}"
EndProject
Project("{9A19103F-16F7-4668-BE54-9A1E7A4F7556}") = "HomeworkArrays", "Practice\HomeworkArrays\HomeworkArrays.csproj", "{81051573-918F-49CC-8268-E0C1D8E5A8BC}"
EndProject
Project("{9A19103F-16F7-4668-BE54-9A1E7A4F7556}") = "HomeworkConditionals", "Practice\HomeworkConditionals\HomeworkConditionals.csproj", "{39726431-2C2B-4578-A159-E12AB71FE772}"
EndProject
Project("{9A19103F-16F7-4668-BE54-9A1E7A4F7556}") = "HomeworkDictionaries", "Practice\HomeworkDictionaries\HomeworkDictionaries.csproj", "{1BBF1FF6-2EB7-486B-884A-FBAE5467C479}"
EndProject
Project("{9A19103F-16F7-4668-BE54-9A1E7A4F7556}") = "HomeworkForeachLoops", "Practice\HomeworkForeachLoops\HomeworkForeachLoops.csproj", "{8535EF62-9EF1-4915-A063-BAE73ECAE7E8}"
EndProject
Project("{9A19103F-16F7-4668-BE54-9A1E7A4F7556}") = "HomeworkForLoops", "Practice\HomeworkForLoops\HomeworkForLoops.csproj", "{00826219-94CD-4454-AFD1-AD91E658EA55}"
EndProject
Project("{9A19103F-16F7-4668-BE54-9A1E7A4F7556}") = "HomeworkInstantiatedClasses", "Practice\HomeworkInstantiatedClasses\HomeworkInstantiatedClasses.csproj", "{A90F19B4-16D9-4B67-8CCE-351438E2833B}"
EndProject
Project("{9A19103F-16F7-4668-BE54-9A1E7A4F7556}") = "HomeworkLists", "Practice\HomeworkLists\HomeworkLists.csproj", "{00488486-939F-47FD-96E9-171DF00BBE2A}"
EndProject
Project("{9A19103F-16F7-4668-BE54-9A1E7A4F7556}") = "HomeworkMethods", "Practice\HomeworkMethods\HomeworkMethods.csproj", "{45A49DCF-25CD-41A7-A97E-915618600DA8}"
EndProject
Project("{9A19103F-16F7-4668-BE54-9A1E7A4F7556}") = "HomeworkVariables", "Practice\HomeworkVariables\HomeworkVariables.csproj", "{70EEC917-818B-4C54-90E6-263671EC77B9}"
EndProject
Project("{9A19103F-16F7-4668-BE54-9A1E7A4F7556}") = "MiniProjectGuestList", "Practice\MiniProjectGuestList\MiniProjectGuestList.csproj", "{F6785670-BA72-4546-9980-8AB8D0598C23}"
EndProject
Project("{9A19103F-16F7-4668-BE54-9A1E7A4F7556}") = "Accessmodifiers", "Lessons\Accessmodifiers\Accessmodifiers.csproj", "{080132D4-00A4-47C9-8453-F62DC5406200}"
EndProject
Project("{9A19103F-16F7-4668-BE54-9A1E7A4F7556}") = "AccessModifiersLibrary", "Lessons\AccessModifiersLibrary\AccessModifiersLibrary.csproj", "{435C0E3A-6A7C-4CD0-8E19-F7C6A0F452E8}"
EndProject
Project("{9A19103F-16F7-4668-BE54-9A1E7A4F7556}") = "ClassLibraryDemo", "Lessons\ClassLibraryDemo\ClassLibraryDemo.csproj", "{2BE5A625-2C3C-4621-A7A9-E21DE21359A5}"
EndProject
Project("{2150E333-8FDC-42A3-9474-1A3956D46DE8}") = "AbstractClass", "AbstractClass", "{AB69D675-D6E9-4782-A3A5-94590D4AA3D5}"
EndProject
Project("{9A19103F-16F7-4668-BE54-9A1E7A4F7556}") = "AbstractClass", "Lessons\AbstractClass\AbstractClass.csproj", "{0BF61C24-D42E-4261-AD85-AFDD48AB3167}"
EndProject
Project("{2150E333-8FDC-42A3-9474-1A3956D46DE8}") = "MethodOveriding", "MethodOveriding", "{04E05921-A44E-4B2E-83F5-9C79DCB251E6}"
EndProject
Project("{9A19103F-16F7-4668-BE54-9A1E7A4F7556}") = "MethodOveriding", "Lessons\MethodOveriding\MethodOveriding.csproj", "{BBACB9CB-B9AF-4EFF-AF6C-4DFE593829B1}"
EndProject
Project("{2150E333-8FDC-42A3-9474-1A3956D46DE8}") = "CardGame", "CardGame", "{A138E51C-A91B-4839-8EA0-BA150321D6CC}"
EndProject
Project("{9A19103F-16F7-4668-BE54-9A1E7A4F7556}") = "CardGame", "Practice\CardGame\CardGame.csproj", "{75020E2C-3C5E-4CD7-8448-CFDC2500BECF}"
EndProject
Project("{2150E333-8FDC-42A3-9474-1A3956D46DE8}") = "SelfMadeMaterial", "SelfMadeMaterial", "{F81EBCEC-2F66-44A6-A1DF-9E94B497B17F}"
EndProject
Project("{9A19103F-16F7-4668-BE54-9A1E7A4F7556}") = "RPGHeros", "SelfMadeMaterial\RPGHeros\RPGHeros.csproj", "{A711BDAB-17C9-4F3B-B8A8-A80F13CA826A}"
EndProject
Project("{9A19103F-16F7-4668-BE54-9A1E7A4F7556}") = "Interfaces", "Lessons\Interfaces\Interfaces.csproj", "{8345BCFE-EE74-4C61-85D2-F5E8267C29D7}"
EndProject
Project("{2150E333-8FDC-42A3-9474-1A3956D46DE8}") = "ExtensionMethods", "ExtensionMethods", "{CE2E8143-4B62-4907-AF0B-F2695C1CA820}"
EndProject
Project("{FAE04EC0-301F-11D3-BF4B-00C04F79EFBC}") = "ExtensionMethods", "Lessons\ExtensionMethods\ExtensionMethods.csproj", "{60A2695E-ECA5-49E6-AD92-6AAB3A4DD098}"
EndProject
Project("{2150E333-8FDC-42A3-9474-1A3956D46DE8}") = "MiniProjectExtensionMethods", "MiniProjectExtensionMethods", "{6520BFDE-8745-4BE1-A379-E3FDF0C5F54D}"
EndProject
Project("{FAE04EC0-301F-11D3-BF4B-00C04F79EFBC}") = "MiniProjectExtensionMethods", "Practice\MiniProjectExtensionMethods\MiniProjectExtensionMethods.csproj", "{A0991927-C51B-4365-AB04-8E5DC75A0F4A}"
EndProject
Global
	GlobalSection(SolutionConfigurationPlatforms) = preSolution
		Debug|Any CPU = Debug|Any CPU
		Release|Any CPU = Release|Any CPU
	EndGlobalSection
	GlobalSection(ProjectConfigurationPlatforms) = postSolution
		{593BC98F-8107-4FBD-9178-3EE8A5769581}.Debug|Any CPU.ActiveCfg = Debug|Any CPU
		{593BC98F-8107-4FBD-9178-3EE8A5769581}.Debug|Any CPU.Build.0 = Debug|Any CPU
		{593BC98F-8107-4FBD-9178-3EE8A5769581}.Release|Any CPU.ActiveCfg = Release|Any CPU
		{593BC98F-8107-4FBD-9178-3EE8A5769581}.Release|Any CPU.Build.0 = Release|Any CPU
		{C97428F9-F126-41AE-A796-1E4F9C239112}.Debug|Any CPU.ActiveCfg = Debug|Any CPU
		{C97428F9-F126-41AE-A796-1E4F9C239112}.Debug|Any CPU.Build.0 = Debug|Any CPU
		{C97428F9-F126-41AE-A796-1E4F9C239112}.Release|Any CPU.ActiveCfg = Release|Any CPU
		{C97428F9-F126-41AE-A796-1E4F9C239112}.Release|Any CPU.Build.0 = Release|Any CPU
		{C2027522-A086-4927-80F4-49B8577DC00F}.Debug|Any CPU.ActiveCfg = Debug|Any CPU
		{C2027522-A086-4927-80F4-49B8577DC00F}.Debug|Any CPU.Build.0 = Debug|Any CPU
		{C2027522-A086-4927-80F4-49B8577DC00F}.Release|Any CPU.ActiveCfg = Release|Any CPU
		{C2027522-A086-4927-80F4-49B8577DC00F}.Release|Any CPU.Build.0 = Release|Any CPU
		{F84B4F1B-64E4-4013-B824-C3AF1C465AF9}.Debug|Any CPU.ActiveCfg = Debug|Any CPU
		{F84B4F1B-64E4-4013-B824-C3AF1C465AF9}.Debug|Any CPU.Build.0 = Debug|Any CPU
		{F84B4F1B-64E4-4013-B824-C3AF1C465AF9}.Release|Any CPU.ActiveCfg = Release|Any CPU
		{F84B4F1B-64E4-4013-B824-C3AF1C465AF9}.Release|Any CPU.Build.0 = Release|Any CPU
		{AAC7263D-F604-4039-AA8A-AD1D5494C4BA}.Debug|Any CPU.ActiveCfg = Debug|Any CPU
		{AAC7263D-F604-4039-AA8A-AD1D5494C4BA}.Debug|Any CPU.Build.0 = Debug|Any CPU
		{AAC7263D-F604-4039-AA8A-AD1D5494C4BA}.Release|Any CPU.ActiveCfg = Release|Any CPU
		{AAC7263D-F604-4039-AA8A-AD1D5494C4BA}.Release|Any CPU.Build.0 = Release|Any CPU
		{8E1ABA67-9CAE-4B63-A909-767031E3DC39}.Debug|Any CPU.ActiveCfg = Debug|Any CPU
		{8E1ABA67-9CAE-4B63-A909-767031E3DC39}.Debug|Any CPU.Build.0 = Debug|Any CPU
		{8E1ABA67-9CAE-4B63-A909-767031E3DC39}.Release|Any CPU.ActiveCfg = Release|Any CPU
		{8E1ABA67-9CAE-4B63-A909-767031E3DC39}.Release|Any CPU.Build.0 = Release|Any CPU
		{0B79B5B7-87FD-483B-AD6B-2EF32512FB19}.Debug|Any CPU.ActiveCfg = Debug|Any CPU
		{0B79B5B7-87FD-483B-AD6B-2EF32512FB19}.Debug|Any CPU.Build.0 = Debug|Any CPU
		{0B79B5B7-87FD-483B-AD6B-2EF32512FB19}.Release|Any CPU.ActiveCfg = Release|Any CPU
		{0B79B5B7-87FD-483B-AD6B-2EF32512FB19}.Release|Any CPU.Build.0 = Release|Any CPU
		{81051573-918F-49CC-8268-E0C1D8E5A8BC}.Debug|Any CPU.ActiveCfg = Debug|Any CPU
		{81051573-918F-49CC-8268-E0C1D8E5A8BC}.Debug|Any CPU.Build.0 = Debug|Any CPU
		{81051573-918F-49CC-8268-E0C1D8E5A8BC}.Release|Any CPU.ActiveCfg = Release|Any CPU
		{81051573-918F-49CC-8268-E0C1D8E5A8BC}.Release|Any CPU.Build.0 = Release|Any CPU
		{39726431-2C2B-4578-A159-E12AB71FE772}.Debug|Any CPU.ActiveCfg = Debug|Any CPU
		{39726431-2C2B-4578-A159-E12AB71FE772}.Debug|Any CPU.Build.0 = Debug|Any CPU
		{39726431-2C2B-4578-A159-E12AB71FE772}.Release|Any CPU.ActiveCfg = Release|Any CPU
		{39726431-2C2B-4578-A159-E12AB71FE772}.Release|Any CPU.Build.0 = Release|Any CPU
		{1BBF1FF6-2EB7-486B-884A-FBAE5467C479}.Debug|Any CPU.ActiveCfg = Debug|Any CPU
		{1BBF1FF6-2EB7-486B-884A-FBAE5467C479}.Debug|Any CPU.Build.0 = Debug|Any CPU
		{1BBF1FF6-2EB7-486B-884A-FBAE5467C479}.Release|Any CPU.ActiveCfg = Release|Any CPU
		{1BBF1FF6-2EB7-486B-884A-FBAE5467C479}.Release|Any CPU.Build.0 = Release|Any CPU
		{8535EF62-9EF1-4915-A063-BAE73ECAE7E8}.Debug|Any CPU.ActiveCfg = Debug|Any CPU
		{8535EF62-9EF1-4915-A063-BAE73ECAE7E8}.Debug|Any CPU.Build.0 = Debug|Any CPU
		{8535EF62-9EF1-4915-A063-BAE73ECAE7E8}.Release|Any CPU.ActiveCfg = Release|Any CPU
		{8535EF62-9EF1-4915-A063-BAE73ECAE7E8}.Release|Any CPU.Build.0 = Release|Any CPU
		{00826219-94CD-4454-AFD1-AD91E658EA55}.Debug|Any CPU.ActiveCfg = Debug|Any CPU
		{00826219-94CD-4454-AFD1-AD91E658EA55}.Debug|Any CPU.Build.0 = Debug|Any CPU
		{00826219-94CD-4454-AFD1-AD91E658EA55}.Release|Any CPU.ActiveCfg = Release|Any CPU
		{00826219-94CD-4454-AFD1-AD91E658EA55}.Release|Any CPU.Build.0 = Release|Any CPU
		{A90F19B4-16D9-4B67-8CCE-351438E2833B}.Debug|Any CPU.ActiveCfg = Debug|Any CPU
		{A90F19B4-16D9-4B67-8CCE-351438E2833B}.Debug|Any CPU.Build.0 = Debug|Any CPU
		{A90F19B4-16D9-4B67-8CCE-351438E2833B}.Release|Any CPU.ActiveCfg = Release|Any CPU
		{A90F19B4-16D9-4B67-8CCE-351438E2833B}.Release|Any CPU.Build.0 = Release|Any CPU
		{00488486-939F-47FD-96E9-171DF00BBE2A}.Debug|Any CPU.ActiveCfg = Debug|Any CPU
		{00488486-939F-47FD-96E9-171DF00BBE2A}.Debug|Any CPU.Build.0 = Debug|Any CPU
		{00488486-939F-47FD-96E9-171DF00BBE2A}.Release|Any CPU.ActiveCfg = Release|Any CPU
		{00488486-939F-47FD-96E9-171DF00BBE2A}.Release|Any CPU.Build.0 = Release|Any CPU
		{45A49DCF-25CD-41A7-A97E-915618600DA8}.Debug|Any CPU.ActiveCfg = Debug|Any CPU
		{45A49DCF-25CD-41A7-A97E-915618600DA8}.Debug|Any CPU.Build.0 = Debug|Any CPU
		{45A49DCF-25CD-41A7-A97E-915618600DA8}.Release|Any CPU.ActiveCfg = Release|Any CPU
		{45A49DCF-25CD-41A7-A97E-915618600DA8}.Release|Any CPU.Build.0 = Release|Any CPU
		{70EEC917-818B-4C54-90E6-263671EC77B9}.Debug|Any CPU.ActiveCfg = Debug|Any CPU
		{70EEC917-818B-4C54-90E6-263671EC77B9}.Debug|Any CPU.Build.0 = Debug|Any CPU
		{70EEC917-818B-4C54-90E6-263671EC77B9}.Release|Any CPU.ActiveCfg = Release|Any CPU
		{70EEC917-818B-4C54-90E6-263671EC77B9}.Release|Any CPU.Build.0 = Release|Any CPU
		{F6785670-BA72-4546-9980-8AB8D0598C23}.Debug|Any CPU.ActiveCfg = Debug|Any CPU
		{F6785670-BA72-4546-9980-8AB8D0598C23}.Debug|Any CPU.Build.0 = Debug|Any CPU
		{F6785670-BA72-4546-9980-8AB8D0598C23}.Release|Any CPU.ActiveCfg = Release|Any CPU
		{F6785670-BA72-4546-9980-8AB8D0598C23}.Release|Any CPU.Build.0 = Release|Any CPU
		{080132D4-00A4-47C9-8453-F62DC5406200}.Debug|Any CPU.ActiveCfg = Debug|Any CPU
		{080132D4-00A4-47C9-8453-F62DC5406200}.Debug|Any CPU.Build.0 = Debug|Any CPU
		{080132D4-00A4-47C9-8453-F62DC5406200}.Release|Any CPU.ActiveCfg = Release|Any CPU
		{080132D4-00A4-47C9-8453-F62DC5406200}.Release|Any CPU.Build.0 = Release|Any CPU
		{435C0E3A-6A7C-4CD0-8E19-F7C6A0F452E8}.Debug|Any CPU.ActiveCfg = Debug|Any CPU
		{435C0E3A-6A7C-4CD0-8E19-F7C6A0F452E8}.Debug|Any CPU.Build.0 = Debug|Any CPU
		{435C0E3A-6A7C-4CD0-8E19-F7C6A0F452E8}.Release|Any CPU.ActiveCfg = Release|Any CPU
		{435C0E3A-6A7C-4CD0-8E19-F7C6A0F452E8}.Release|Any CPU.Build.0 = Release|Any CPU
		{2BE5A625-2C3C-4621-A7A9-E21DE21359A5}.Debug|Any CPU.ActiveCfg = Debug|Any CPU
		{2BE5A625-2C3C-4621-A7A9-E21DE21359A5}.Debug|Any CPU.Build.0 = Debug|Any CPU
		{2BE5A625-2C3C-4621-A7A9-E21DE21359A5}.Release|Any CPU.ActiveCfg = Release|Any CPU
		{2BE5A625-2C3C-4621-A7A9-E21DE21359A5}.Release|Any CPU.Build.0 = Release|Any CPU
		{0BF61C24-D42E-4261-AD85-AFDD48AB3167}.Debug|Any CPU.ActiveCfg = Debug|Any CPU
		{0BF61C24-D42E-4261-AD85-AFDD48AB3167}.Debug|Any CPU.Build.0 = Debug|Any CPU
		{0BF61C24-D42E-4261-AD85-AFDD48AB3167}.Release|Any CPU.ActiveCfg = Release|Any CPU
		{0BF61C24-D42E-4261-AD85-AFDD48AB3167}.Release|Any CPU.Build.0 = Release|Any CPU
		{BBACB9CB-B9AF-4EFF-AF6C-4DFE593829B1}.Debug|Any CPU.ActiveCfg = Debug|Any CPU
		{BBACB9CB-B9AF-4EFF-AF6C-4DFE593829B1}.Debug|Any CPU.Build.0 = Debug|Any CPU
		{BBACB9CB-B9AF-4EFF-AF6C-4DFE593829B1}.Release|Any CPU.ActiveCfg = Release|Any CPU
		{BBACB9CB-B9AF-4EFF-AF6C-4DFE593829B1}.Release|Any CPU.Build.0 = Release|Any CPU
		{75020E2C-3C5E-4CD7-8448-CFDC2500BECF}.Debug|Any CPU.ActiveCfg = Debug|Any CPU
		{75020E2C-3C5E-4CD7-8448-CFDC2500BECF}.Debug|Any CPU.Build.0 = Debug|Any CPU
		{75020E2C-3C5E-4CD7-8448-CFDC2500BECF}.Release|Any CPU.ActiveCfg = Release|Any CPU
		{75020E2C-3C5E-4CD7-8448-CFDC2500BECF}.Release|Any CPU.Build.0 = Release|Any CPU
		{A711BDAB-17C9-4F3B-B8A8-A80F13CA826A}.Debug|Any CPU.ActiveCfg = Debug|Any CPU
		{A711BDAB-17C9-4F3B-B8A8-A80F13CA826A}.Debug|Any CPU.Build.0 = Debug|Any CPU
		{A711BDAB-17C9-4F3B-B8A8-A80F13CA826A}.Release|Any CPU.ActiveCfg = Release|Any CPU
		{A711BDAB-17C9-4F3B-B8A8-A80F13CA826A}.Release|Any CPU.Build.0 = Release|Any CPU
		{8345BCFE-EE74-4C61-85D2-F5E8267C29D7}.Debug|Any CPU.ActiveCfg = Debug|Any CPU
		{8345BCFE-EE74-4C61-85D2-F5E8267C29D7}.Debug|Any CPU.Build.0 = Debug|Any CPU
		{8345BCFE-EE74-4C61-85D2-F5E8267C29D7}.Release|Any CPU.ActiveCfg = Release|Any CPU
		{8345BCFE-EE74-4C61-85D2-F5E8267C29D7}.Release|Any CPU.Build.0 = Release|Any CPU
		{60A2695E-ECA5-49E6-AD92-6AAB3A4DD098}.Debug|Any CPU.ActiveCfg = Debug|Any CPU
		{60A2695E-ECA5-49E6-AD92-6AAB3A4DD098}.Debug|Any CPU.Build.0 = Debug|Any CPU
		{60A2695E-ECA5-49E6-AD92-6AAB3A4DD098}.Release|Any CPU.ActiveCfg = Release|Any CPU
		{60A2695E-ECA5-49E6-AD92-6AAB3A4DD098}.Release|Any CPU.Build.0 = Release|Any CPU
		{A0991927-C51B-4365-AB04-8E5DC75A0F4A}.Debug|Any CPU.ActiveCfg = Debug|Any CPU
		{A0991927-C51B-4365-AB04-8E5DC75A0F4A}.Debug|Any CPU.Build.0 = Debug|Any CPU
		{A0991927-C51B-4365-AB04-8E5DC75A0F4A}.Release|Any CPU.ActiveCfg = Release|Any CPU
		{A0991927-C51B-4365-AB04-8E5DC75A0F4A}.Release|Any CPU.Build.0 = Release|Any CPU
	EndGlobalSection
	GlobalSection(SolutionProperties) = preSolution
		HideSolutionNode = FALSE
	EndGlobalSection
	GlobalSection(NestedProjects) = preSolution
		{0F22BCB6-B528-4829-B5EA-184DAD6ADFAB} = {B1914C0A-A94E-497D-B251-FF1134955D55}
		{0831A1C2-3F65-4C34-A58D-97EBDC23FD38} = {4DD71F85-8025-43FB-832E-2C57B6BB8EEC}
		{0DB6D69A-288F-447D-B90A-7334CBD12A42} = {4DD71F85-8025-43FB-832E-2C57B6BB8EEC}
		{E472E761-85C7-4A18-B985-61887CBB3D52} = {B1914C0A-A94E-497D-B251-FF1134955D55}
		{593BC98F-8107-4FBD-9178-3EE8A5769581} = {B1914C0A-A94E-497D-B251-FF1134955D55}
		{C97428F9-F126-41AE-A796-1E4F9C239112} = {B1914C0A-A94E-497D-B251-FF1134955D55}
		{C2027522-A086-4927-80F4-49B8577DC00F} = {B1914C0A-A94E-497D-B251-FF1134955D55}
		{F84B4F1B-64E4-4013-B824-C3AF1C465AF9} = {0DB6D69A-288F-447D-B90A-7334CBD12A42}
		{AAC7263D-F604-4039-AA8A-AD1D5494C4BA} = {0DB6D69A-288F-447D-B90A-7334CBD12A42}
		{8E1ABA67-9CAE-4B63-A909-767031E3DC39} = {0831A1C2-3F65-4C34-A58D-97EBDC23FD38}
		{0B79B5B7-87FD-483B-AD6B-2EF32512FB19} = {0831A1C2-3F65-4C34-A58D-97EBDC23FD38}
		{81051573-918F-49CC-8268-E0C1D8E5A8BC} = {4DD71F85-8025-43FB-832E-2C57B6BB8EEC}
		{39726431-2C2B-4578-A159-E12AB71FE772} = {4DD71F85-8025-43FB-832E-2C57B6BB8EEC}
		{1BBF1FF6-2EB7-486B-884A-FBAE5467C479} = {0831A1C2-3F65-4C34-A58D-97EBDC23FD38}
		{8535EF62-9EF1-4915-A063-BAE73ECAE7E8} = {4DD71F85-8025-43FB-832E-2C57B6BB8EEC}
		{00826219-94CD-4454-AFD1-AD91E658EA55} = {4DD71F85-8025-43FB-832E-2C57B6BB8EEC}
		{A90F19B4-16D9-4B67-8CCE-351438E2833B} = {4DD71F85-8025-43FB-832E-2C57B6BB8EEC}
		{00488486-939F-47FD-96E9-171DF00BBE2A} = {4DD71F85-8025-43FB-832E-2C57B6BB8EEC}
		{45A49DCF-25CD-41A7-A97E-915618600DA8} = {4DD71F85-8025-43FB-832E-2C57B6BB8EEC}
		{70EEC917-818B-4C54-90E6-263671EC77B9} = {4DD71F85-8025-43FB-832E-2C57B6BB8EEC}
		{F6785670-BA72-4546-9980-8AB8D0598C23} = {4DD71F85-8025-43FB-832E-2C57B6BB8EEC}
		{080132D4-00A4-47C9-8453-F62DC5406200} = {E472E761-85C7-4A18-B985-61887CBB3D52}
		{435C0E3A-6A7C-4CD0-8E19-F7C6A0F452E8} = {E472E761-85C7-4A18-B985-61887CBB3D52}
		{2BE5A625-2C3C-4621-A7A9-E21DE21359A5} = {0F22BCB6-B528-4829-B5EA-184DAD6ADFAB}
		{AB69D675-D6E9-4782-A3A5-94590D4AA3D5} = {B1914C0A-A94E-497D-B251-FF1134955D55}
		{0BF61C24-D42E-4261-AD85-AFDD48AB3167} = {AB69D675-D6E9-4782-A3A5-94590D4AA3D5}
		{04E05921-A44E-4B2E-83F5-9C79DCB251E6} = {B1914C0A-A94E-497D-B251-FF1134955D55}
		{BBACB9CB-B9AF-4EFF-AF6C-4DFE593829B1} = {04E05921-A44E-4B2E-83F5-9C79DCB251E6}
		{A138E51C-A91B-4839-8EA0-BA150321D6CC} = {4DD71F85-8025-43FB-832E-2C57B6BB8EEC}
		{75020E2C-3C5E-4CD7-8448-CFDC2500BECF} = {A138E51C-A91B-4839-8EA0-BA150321D6CC}
		{A711BDAB-17C9-4F3B-B8A8-A80F13CA826A} = {F81EBCEC-2F66-44A6-A1DF-9E94B497B17F}
		{8345BCFE-EE74-4C61-85D2-F5E8267C29D7} = {B1914C0A-A94E-497D-B251-FF1134955D55}
		{CE2E8143-4B62-4907-AF0B-F2695C1CA820} = {B1914C0A-A94E-497D-B251-FF1134955D55}
		{60A2695E-ECA5-49E6-AD92-6AAB3A4DD098} = {CE2E8143-4B62-4907-AF0B-F2695C1CA820}
		{6520BFDE-8745-4BE1-A379-E3FDF0C5F54D} = {4DD71F85-8025-43FB-832E-2C57B6BB8EEC}
		{A0991927-C51B-4365-AB04-8E5DC75A0F4A} = {6520BFDE-8745-4BE1-A379-E3FDF0C5F54D}
	EndGlobalSection
	GlobalSection(ExtensibilityGlobals) = postSolution
		SolutionGuid = {650A024B-AD89-42D1-A151-5049439CA713}
	EndGlobalSection
EndGlobal
